
Microsoft Visual Studio Solution File, Format Version 12.00
# Visual Studio Version 17
VisualStudioVersion = 17.1.32228.430
MinimumVisualStudioVersion = 10.0.40219.1
Project("{FAE04EC0-301F-11D3-BF4B-00C04F79EFBC}") = "Es13", "Es13\Es13.csproj", "{9EA07D07-3055-42CF-892E-8890B98283A1}"
EndProject
Global
	GlobalSection(SolutionConfigurationPlatforms) = preSolution
		Debug|Any CPU = Debug|Any CPU
		Release|Any CPU = Release|Any CPU
	EndGlobalSection
	GlobalSection(ProjectConfigurationPlatforms) = postSolution
		{9EA07D07-3055-42CF-892E-8890B98283A1}.Debug|Any CPU.ActiveCfg = Debug|Any CPU
		{9EA07D07-3055-42CF-892E-8890B98283A1}.Debug|Any CPU.Build.0 = Debug|Any CPU
		{9EA07D07-3055-42CF-892E-8890B98283A1}.Release|Any CPU.ActiveCfg = Release|Any CPU
		{9EA07D07-3055-42CF-892E-8890B98283A1}.Release|Any CPU.Build.0 = Release|Any CPU
	EndGlobalSection
	GlobalSection(SolutionProperties) = preSolution
		HideSolutionNode = FALSE
	EndGlobalSection
	GlobalSection(ExtensibilityGlobals) = postSolution
		SolutionGuid = {2AEE870D-49DD-43F7-965D-1759CCCB625C}
	EndGlobalSection
EndGlobal
