
Microsoft Visual Studio Solution File, Format Version 12.00
# Visual Studio Version 17
VisualStudioVersion = 17.2.32630.192
MinimumVisualStudioVersion = 10.0.40219.1
Project("{FAE04EC0-301F-11D3-BF4B-00C04F79EFBC}") = "Es8", "Es8\Es8.csproj", "{6C80DF8B-F7B7-4A83-A329-21BE40588B9A}"
EndProject
Global
	GlobalSection(SolutionConfigurationPlatforms) = preSolution
		Debug|Any CPU = Debug|Any CPU
		Release|Any CPU = Release|Any CPU
	EndGlobalSection
	GlobalSection(ProjectConfigurationPlatforms) = postSolution
		{6C80DF8B-F7B7-4A83-A329-21BE40588B9A}.Debug|Any CPU.ActiveCfg = Debug|Any CPU
		{6C80DF8B-F7B7-4A83-A329-21BE40588B9A}.Debug|Any CPU.Build.0 = Debug|Any CPU
		{6C80DF8B-F7B7-4A83-A329-21BE40588B9A}.Release|Any CPU.ActiveCfg = Release|Any CPU
		{6C80DF8B-F7B7-4A83-A329-21BE40588B9A}.Release|Any CPU.Build.0 = Release|Any CPU
	EndGlobalSection
	GlobalSection(SolutionProperties) = preSolution
		HideSolutionNode = FALSE
	EndGlobalSection
	GlobalSection(ExtensibilityGlobals) = postSolution
		SolutionGuid = {3EAD6337-9ADF-412D-8C64-2BED84A72F3B}
	EndGlobalSection
EndGlobal
