
Microsoft Visual Studio Solution File, Format Version 12.00
# Visual Studio Version 17
VisualStudioVersion = 17.2.32630.192
MinimumVisualStudioVersion = 10.0.40219.1
Project("{FAE04EC0-301F-11D3-BF4B-00C04F79EFBC}") = "Es6", "Es6\Es6.csproj", "{ECA30384-C68D-4966-AD29-59D3424D9F09}"
EndProject
Global
	GlobalSection(SolutionConfigurationPlatforms) = preSolution
		Debug|Any CPU = Debug|Any CPU
		Release|Any CPU = Release|Any CPU
	EndGlobalSection
	GlobalSection(ProjectConfigurationPlatforms) = postSolution
		{ECA30384-C68D-4966-AD29-59D3424D9F09}.Debug|Any CPU.ActiveCfg = Debug|Any CPU
		{ECA30384-C68D-4966-AD29-59D3424D9F09}.Debug|Any CPU.Build.0 = Debug|Any CPU
		{ECA30384-C68D-4966-AD29-59D3424D9F09}.Release|Any CPU.ActiveCfg = Release|Any CPU
		{ECA30384-C68D-4966-AD29-59D3424D9F09}.Release|Any CPU.Build.0 = Release|Any CPU
	EndGlobalSection
	GlobalSection(SolutionProperties) = preSolution
		HideSolutionNode = FALSE
	EndGlobalSection
	GlobalSection(ExtensibilityGlobals) = postSolution
		SolutionGuid = {0877949C-A7DC-48B8-8DF4-501BD7F0384E}
	EndGlobalSection
EndGlobal
